
Microsoft Visual Studio Solution File, Format Version 12.00
# Visual Studio Version 17
VisualStudioVersion = 17.8.34316.72
MinimumVisualStudioVersion = 10.0.40219.1
Project("{FAE04EC0-301F-11D3-BF4B-00C04F79EFBC}") = "GrokkingAlgorithms.Main", "GrokkingAlgorithms.Main\GrokkingAlgorithms.Main.csproj", "{A1CA12DD-66D7-448E-BEEE-3E29897FC23B}"
EndProject
Project("{FAE04EC0-301F-11D3-BF4B-00C04F79EFBC}") = "GrokkingAlgorithms.Lib", "GrokkingAlgorithms.Lib\GrokkingAlgorithms.Lib.csproj", "{A59623A5-7D5F-4C52-BEF5-AD9976FA7371}"
EndProject
Global
	GlobalSection(SolutionConfigurationPlatforms) = preSolution
		Debug|Any CPU = Debug|Any CPU
		Release|Any CPU = Release|Any CPU
	EndGlobalSection
	GlobalSection(ProjectConfigurationPlatforms) = postSolution
		{A1CA12DD-66D7-448E-BEEE-3E29897FC23B}.Debug|Any CPU.ActiveCfg = Debug|Any CPU
		{A1CA12DD-66D7-448E-BEEE-3E29897FC23B}.Debug|Any CPU.Build.0 = Debug|Any CPU
		{A1CA12DD-66D7-448E-BEEE-3E29897FC23B}.Release|Any CPU.ActiveCfg = Release|Any CPU
		{A1CA12DD-66D7-448E-BEEE-3E29897FC23B}.Release|Any CPU.Build.0 = Release|Any CPU
		{A59623A5-7D5F-4C52-BEF5-AD9976FA7371}.Debug|Any CPU.ActiveCfg = Debug|Any CPU
		{A59623A5-7D5F-4C52-BEF5-AD9976FA7371}.Debug|Any CPU.Build.0 = Debug|Any CPU
		{A59623A5-7D5F-4C52-BEF5-AD9976FA7371}.Release|Any CPU.ActiveCfg = Release|Any CPU
		{A59623A5-7D5F-4C52-BEF5-AD9976FA7371}.Release|Any CPU.Build.0 = Release|Any CPU
	EndGlobalSection
	GlobalSection(SolutionProperties) = preSolution
		HideSolutionNode = FALSE
	EndGlobalSection
	GlobalSection(ExtensibilityGlobals) = postSolution
		SolutionGuid = {B7BEA703-D1A1-435C-A58E-F8DA8FC02A11}
	EndGlobalSection
EndGlobal
